
Microsoft Visual Studio Solution File, Format Version 12.00
# Visual Studio Version 17
VisualStudioVersion = 17.5.002.0
MinimumVisualStudioVersion = 10.0.40219.1
Project("{9A19103F-16F7-4668-BE54-9A1E7A4F7556}") = "MyApp.Mvc", "MyApp.Mvc\MyApp.Mvc.csproj", "{696C76F0-5603-44CE-9D95-341DCD2B914C}"
EndProject
Global
	GlobalSection(SolutionConfigurationPlatforms) = preSolution
		Debug|Any CPU = Debug|Any CPU
		Release|Any CPU = Release|Any CPU
	EndGlobalSection
	GlobalSection(ProjectConfigurationPlatforms) = postSolution
		{696C76F0-5603-44CE-9D95-341DCD2B914C}.Debug|Any CPU.ActiveCfg = Debug|Any CPU
		{696C76F0-5603-44CE-9D95-341DCD2B914C}.Debug|Any CPU.Build.0 = Debug|Any CPU
		{696C76F0-5603-44CE-9D95-341DCD2B914C}.Release|Any CPU.ActiveCfg = Release|Any CPU
		{696C76F0-5603-44CE-9D95-341DCD2B914C}.Release|Any CPU.Build.0 = Release|Any CPU
	EndGlobalSection
	GlobalSection(SolutionProperties) = preSolution
		HideSolutionNode = FALSE
	EndGlobalSection
	GlobalSection(ExtensibilityGlobals) = postSolution
		SolutionGuid = {2CDC357C-4DD2-438D-AF57-690F7978873F}
	EndGlobalSection
EndGlobal
